
Microsoft Visual Studio Solution File, Format Version 12.00
# Visual Studio 2012
Project("{FAE04EC0-301F-11D3-BF4B-00C04F79EFBC}") = "EquationEditor", "EquationEditor\EquationEditor.csproj", "{EEC99617-B94D-4BBE-834A-B344BFCA6787}"
EndProject
Project("{FAE04EC0-301F-11D3-BF4B-00C04F79EFBC}") = "EditorTester", "EditorTester\EditorTester.csproj", "{C186E163-D272-424F-8D24-A47A6A88CC49}"
EndProject
Project("{FAE04EC0-301F-11D3-BF4B-00C04F79EFBC}") = "ChartingHelper", "..\..\..\Visual Studio 2010\Projects\ModelAndSimulations\ChartingHelper\ChartingHelper.csproj", "{4BFA3B66-153D-41BF-A504-7FBDD8BE1FED}"
EndProject
Global
	GlobalSection(SolutionConfigurationPlatforms) = preSolution
		Debug|Any CPU = Debug|Any CPU
		Release|Any CPU = Release|Any CPU
	EndGlobalSection
	GlobalSection(ProjectConfigurationPlatforms) = postSolution
		{EEC99617-B94D-4BBE-834A-B344BFCA6787}.Debug|Any CPU.ActiveCfg = Debug|Any CPU
		{EEC99617-B94D-4BBE-834A-B344BFCA6787}.Debug|Any CPU.Build.0 = Debug|Any CPU
		{EEC99617-B94D-4BBE-834A-B344BFCA6787}.Release|Any CPU.ActiveCfg = Release|Any CPU
		{EEC99617-B94D-4BBE-834A-B344BFCA6787}.Release|Any CPU.Build.0 = Release|Any CPU
		{C186E163-D272-424F-8D24-A47A6A88CC49}.Debug|Any CPU.ActiveCfg = Debug|Any CPU
		{C186E163-D272-424F-8D24-A47A6A88CC49}.Debug|Any CPU.Build.0 = Debug|Any CPU
		{C186E163-D272-424F-8D24-A47A6A88CC49}.Release|Any CPU.ActiveCfg = Release|Any CPU
		{C186E163-D272-424F-8D24-A47A6A88CC49}.Release|Any CPU.Build.0 = Release|Any CPU
		{4BFA3B66-153D-41BF-A504-7FBDD8BE1FED}.Debug|Any CPU.ActiveCfg = Debug|Any CPU
		{4BFA3B66-153D-41BF-A504-7FBDD8BE1FED}.Debug|Any CPU.Build.0 = Debug|Any CPU
		{4BFA3B66-153D-41BF-A504-7FBDD8BE1FED}.Release|Any CPU.ActiveCfg = Release|Any CPU
		{4BFA3B66-153D-41BF-A504-7FBDD8BE1FED}.Release|Any CPU.Build.0 = Release|Any CPU
	EndGlobalSection
	GlobalSection(SolutionProperties) = preSolution
		HideSolutionNode = FALSE
	EndGlobalSection
EndGlobal
