
Microsoft Visual Studio Solution File, Format Version 12.00
# Visual Studio 2012
Project("{FAE04EC0-301F-11D3-BF4B-00C04F79EFBC}") = "EquationEditor", "EquationEditor\EquationEditor.csproj", "{EEC99617-B94D-4BBE-834A-B344BFCA6787}"
EndProject
Project("{FAE04EC0-301F-11D3-BF4B-00C04F79EFBC}") = "EditorTester", "EditorTester\EditorTester.csproj", "{C186E163-D272-424F-8D24-A47A6A88CC49}"
EndProject
Project("{FAE04EC0-301F-11D3-BF4B-00C04F79EFBC}") = "ChartingHelper", "..\..\..\Visual Studio 2010\Projects\ModelAndSimulations\ChartingHelper\ChartingHelper.csproj", "{4BFA3B66-153D-41BF-A504-7FBDD8BE1FED}"
EndProject
Project("{2150E333-8FDC-42A3-9474-1A3956D46DE8}") = ".nuget", ".nuget", "{F4B28387-A781-4F17-9DF7-8C6153D11168}"
	ProjectSection(SolutionItems) = preProject
		.nuget\NuGet.Config = .nuget\NuGet.Config
		.nuget\NuGet.exe = .nuget\NuGet.exe
		.nuget\NuGet.targets = .nuget\NuGet.targets
	EndProjectSection
EndProject
Project("{FAE04EC0-301F-11D3-BF4B-00C04F79EFBC}") = "Workbench", "Workbench\Workbench.csproj", "{5F39568F-08A9-4D0C-A1EA-325032EDC023}"
EndProject
Project("{FAE04EC0-301F-11D3-BF4B-00C04F79EFBC}") = "Workbench.Lib", "Workbench.Lib\Workbench.Lib.csproj", "{7EEAB055-4415-4339-BBC9-B6422B01E659}"
EndProject
Project("{FAE04EC0-301F-11D3-BF4B-00C04F79EFBC}") = "GridSplitter", "GridSplitter\GridSplitter.csproj", "{4B9E3965-90A1-4468-BF94-5972C417FF52}"
EndProject
Global
	GlobalSection(SolutionConfigurationPlatforms) = preSolution
		Debug|Any CPU = Debug|Any CPU
		Debug|Mixed Platforms = Debug|Mixed Platforms
		Debug|x86 = Debug|x86
		Release|Any CPU = Release|Any CPU
		Release|Mixed Platforms = Release|Mixed Platforms
		Release|x86 = Release|x86
	EndGlobalSection
	GlobalSection(ProjectConfigurationPlatforms) = postSolution
		{EEC99617-B94D-4BBE-834A-B344BFCA6787}.Debug|Any CPU.ActiveCfg = Debug|Any CPU
		{EEC99617-B94D-4BBE-834A-B344BFCA6787}.Debug|Any CPU.Build.0 = Debug|Any CPU
		{EEC99617-B94D-4BBE-834A-B344BFCA6787}.Debug|Mixed Platforms.ActiveCfg = Debug|Any CPU
		{EEC99617-B94D-4BBE-834A-B344BFCA6787}.Debug|Mixed Platforms.Build.0 = Debug|Any CPU
		{EEC99617-B94D-4BBE-834A-B344BFCA6787}.Debug|x86.ActiveCfg = Debug|Any CPU
		{EEC99617-B94D-4BBE-834A-B344BFCA6787}.Release|Any CPU.ActiveCfg = Release|Any CPU
		{EEC99617-B94D-4BBE-834A-B344BFCA6787}.Release|Any CPU.Build.0 = Release|Any CPU
		{EEC99617-B94D-4BBE-834A-B344BFCA6787}.Release|Mixed Platforms.ActiveCfg = Release|Any CPU
		{EEC99617-B94D-4BBE-834A-B344BFCA6787}.Release|Mixed Platforms.Build.0 = Release|Any CPU
		{EEC99617-B94D-4BBE-834A-B344BFCA6787}.Release|x86.ActiveCfg = Release|Any CPU
		{C186E163-D272-424F-8D24-A47A6A88CC49}.Debug|Any CPU.ActiveCfg = Debug|Any CPU
		{C186E163-D272-424F-8D24-A47A6A88CC49}.Debug|Any CPU.Build.0 = Debug|Any CPU
		{C186E163-D272-424F-8D24-A47A6A88CC49}.Debug|Mixed Platforms.ActiveCfg = Debug|Any CPU
		{C186E163-D272-424F-8D24-A47A6A88CC49}.Debug|Mixed Platforms.Build.0 = Debug|Any CPU
		{C186E163-D272-424F-8D24-A47A6A88CC49}.Debug|x86.ActiveCfg = Debug|Any CPU
		{C186E163-D272-424F-8D24-A47A6A88CC49}.Release|Any CPU.ActiveCfg = Release|Any CPU
		{C186E163-D272-424F-8D24-A47A6A88CC49}.Release|Any CPU.Build.0 = Release|Any CPU
		{C186E163-D272-424F-8D24-A47A6A88CC49}.Release|Mixed Platforms.ActiveCfg = Release|Any CPU
		{C186E163-D272-424F-8D24-A47A6A88CC49}.Release|Mixed Platforms.Build.0 = Release|Any CPU
		{C186E163-D272-424F-8D24-A47A6A88CC49}.Release|x86.ActiveCfg = Release|Any CPU
		{4BFA3B66-153D-41BF-A504-7FBDD8BE1FED}.Debug|Any CPU.ActiveCfg = Debug|Any CPU
		{4BFA3B66-153D-41BF-A504-7FBDD8BE1FED}.Debug|Any CPU.Build.0 = Debug|Any CPU
		{4BFA3B66-153D-41BF-A504-7FBDD8BE1FED}.Debug|Mixed Platforms.ActiveCfg = Debug|Any CPU
		{4BFA3B66-153D-41BF-A504-7FBDD8BE1FED}.Debug|Mixed Platforms.Build.0 = Debug|Any CPU
		{4BFA3B66-153D-41BF-A504-7FBDD8BE1FED}.Debug|x86.ActiveCfg = Debug|Any CPU
		{4BFA3B66-153D-41BF-A504-7FBDD8BE1FED}.Release|Any CPU.ActiveCfg = Release|Any CPU
		{4BFA3B66-153D-41BF-A504-7FBDD8BE1FED}.Release|Any CPU.Build.0 = Release|Any CPU
		{4BFA3B66-153D-41BF-A504-7FBDD8BE1FED}.Release|Mixed Platforms.ActiveCfg = Release|Any CPU
		{4BFA3B66-153D-41BF-A504-7FBDD8BE1FED}.Release|Mixed Platforms.Build.0 = Release|Any CPU
		{4BFA3B66-153D-41BF-A504-7FBDD8BE1FED}.Release|x86.ActiveCfg = Release|Any CPU
		{5F39568F-08A9-4D0C-A1EA-325032EDC023}.Debug|Any CPU.ActiveCfg = Debug|Any CPU
		{5F39568F-08A9-4D0C-A1EA-325032EDC023}.Debug|Any CPU.Build.0 = Debug|Any CPU
		{5F39568F-08A9-4D0C-A1EA-325032EDC023}.Debug|Mixed Platforms.ActiveCfg = Debug|Any CPU
		{5F39568F-08A9-4D0C-A1EA-325032EDC023}.Debug|Mixed Platforms.Build.0 = Debug|Any CPU
		{5F39568F-08A9-4D0C-A1EA-325032EDC023}.Debug|x86.ActiveCfg = Debug|Any CPU
		{5F39568F-08A9-4D0C-A1EA-325032EDC023}.Release|Any CPU.ActiveCfg = Release|Any CPU
		{5F39568F-08A9-4D0C-A1EA-325032EDC023}.Release|Any CPU.Build.0 = Release|Any CPU
		{5F39568F-08A9-4D0C-A1EA-325032EDC023}.Release|Mixed Platforms.ActiveCfg = Release|Any CPU
		{5F39568F-08A9-4D0C-A1EA-325032EDC023}.Release|Mixed Platforms.Build.0 = Release|Any CPU
		{5F39568F-08A9-4D0C-A1EA-325032EDC023}.Release|x86.ActiveCfg = Release|Any CPU
		{7EEAB055-4415-4339-BBC9-B6422B01E659}.Debug|Any CPU.ActiveCfg = Debug|Any CPU
		{7EEAB055-4415-4339-BBC9-B6422B01E659}.Debug|Any CPU.Build.0 = Debug|Any CPU
		{7EEAB055-4415-4339-BBC9-B6422B01E659}.Debug|Mixed Platforms.ActiveCfg = Debug|Any CPU
		{7EEAB055-4415-4339-BBC9-B6422B01E659}.Debug|Mixed Platforms.Build.0 = Debug|Any CPU
		{7EEAB055-4415-4339-BBC9-B6422B01E659}.Debug|x86.ActiveCfg = Debug|Any CPU
		{7EEAB055-4415-4339-BBC9-B6422B01E659}.Release|Any CPU.ActiveCfg = Release|Any CPU
		{7EEAB055-4415-4339-BBC9-B6422B01E659}.Release|Any CPU.Build.0 = Release|Any CPU
		{7EEAB055-4415-4339-BBC9-B6422B01E659}.Release|Mixed Platforms.ActiveCfg = Release|Any CPU
		{7EEAB055-4415-4339-BBC9-B6422B01E659}.Release|Mixed Platforms.Build.0 = Release|Any CPU
		{7EEAB055-4415-4339-BBC9-B6422B01E659}.Release|x86.ActiveCfg = Release|Any CPU
		{4B9E3965-90A1-4468-BF94-5972C417FF52}.Debug|Any CPU.ActiveCfg = Debug|Any CPU
		{4B9E3965-90A1-4468-BF94-5972C417FF52}.Debug|Any CPU.Build.0 = Debug|Any CPU
		{4B9E3965-90A1-4468-BF94-5972C417FF52}.Debug|Mixed Platforms.ActiveCfg = Debug|Any CPU
		{4B9E3965-90A1-4468-BF94-5972C417FF52}.Debug|Mixed Platforms.Build.0 = Debug|Any CPU
		{4B9E3965-90A1-4468-BF94-5972C417FF52}.Debug|x86.ActiveCfg = Debug|Any CPU
		{4B9E3965-90A1-4468-BF94-5972C417FF52}.Release|Any CPU.ActiveCfg = Release|Any CPU
		{4B9E3965-90A1-4468-BF94-5972C417FF52}.Release|Any CPU.Build.0 = Release|Any CPU
		{4B9E3965-90A1-4468-BF94-5972C417FF52}.Release|Mixed Platforms.ActiveCfg = Release|Any CPU
		{4B9E3965-90A1-4468-BF94-5972C417FF52}.Release|Mixed Platforms.Build.0 = Release|Any CPU
		{4B9E3965-90A1-4468-BF94-5972C417FF52}.Release|x86.ActiveCfg = Release|Any CPU
	EndGlobalSection
	GlobalSection(SolutionProperties) = preSolution
		HideSolutionNode = FALSE
	EndGlobalSection
EndGlobal
